
Microsoft Visual Studio Solution File, Format Version 12.00
# Visual Studio Version 17
VisualStudioVersion = 17.0.31903.59
MinimumVisualStudioVersion = 10.0.40219.1
Project("{2150E333-8FDC-42A3-9474-1A3956D46DE8}") = "microservices", "microservices", "{8A367DDA-5161-A942-4F09-60E4726C9306}"
EndProject
Project("{FAE04EC0-301F-11D3-BF4B-00C04F79EFBC}") = "HalfQR.Contracts", "microservices\HalfQR.Contracts\HalfQR.Contracts.csproj", "{A3DF3D32-2FAC-485D-A83E-3BC7D755F518}"
EndProject
Project("{FAE04EC0-301F-11D3-BF4B-00C04F79EFBC}") = "HalfQR.QrEngine", "microservices\HalfQR.QrEngine\HalfQR.QrEngine.csproj", "{1A3DEEA1-2D49-4375-9BED-083AB7B42B43}"
EndProject
Project("{FAE04EC0-301F-11D3-BF4B-00C04F79EFBC}") = "HalfQR.PublicApi", "microservices\HalfQR.PublicApi\HalfQR.PublicApi.csproj", "{4402D49F-6A19-48FE-97D3-CCB6065F81F2}"
EndProject
Project("{FAE04EC0-301F-11D3-BF4B-00C04F79EFBC}") = "HalfQR.Identity", "microservices\HalfQR.Identity\HalfQR.Identity.csproj", "{ECE8D9D2-0120-4A05-A743-D1E04031105D}"
EndProject
Project("{FAE04EC0-301F-11D3-BF4B-00C04F79EFBC}") = "HalfQR.Redirector", "microservices\HalfQR.Redirector\HalfQR.Redirector.csproj", "{D233C851-A721-4619-8E17-94E8044B1A6C}"
EndProject
Project("{FAE04EC0-301F-11D3-BF4B-00C04F79EFBC}") = "HalfQR.Worker", "microservices\HalfQR.Worker\HalfQR.Worker.csproj", "{3D57E713-DB43-436D-8D85-BC919B2EF3DB}"
EndProject
Project("{FAE04EC0-301F-11D3-BF4B-00C04F79EFBC}") = "HalfQR.Cli", "microservices\HalfQR.Cli\HalfQR.Cli.csproj", "{69ABB086-DE2E-4D5A-A1E1-704E66E46AE1}"
EndProject
Project("{FAE04EC0-301F-11D3-BF4B-00C04F79EFBC}") = "HalfQR.Billing", "microservices\HalfQR.Billing\HalfQR.Billing.csproj", "{66FD6548-70DB-4FC5-8B3E-772A2ADE4E86}"
EndProject
Global
	GlobalSection(SolutionConfigurationPlatforms) = preSolution
		Debug|Any CPU = Debug|Any CPU
		Debug|x64 = Debug|x64
		Debug|x86 = Debug|x86
		Release|Any CPU = Release|Any CPU
		Release|x64 = Release|x64
		Release|x86 = Release|x86
	EndGlobalSection
	GlobalSection(ProjectConfigurationPlatforms) = postSolution
		{A3DF3D32-2FAC-485D-A83E-3BC7D755F518}.Debug|Any CPU.ActiveCfg = Debug|Any CPU
		{A3DF3D32-2FAC-485D-A83E-3BC7D755F518}.Debug|Any CPU.Build.0 = Debug|Any CPU
		{A3DF3D32-2FAC-485D-A83E-3BC7D755F518}.Debug|x64.ActiveCfg = Debug|Any CPU
		{A3DF3D32-2FAC-485D-A83E-3BC7D755F518}.Debug|x64.Build.0 = Debug|Any CPU
		{A3DF3D32-2FAC-485D-A83E-3BC7D755F518}.Debug|x86.ActiveCfg = Debug|Any CPU
		{A3DF3D32-2FAC-485D-A83E-3BC7D755F518}.Debug|x86.Build.0 = Debug|Any CPU
		{A3DF3D32-2FAC-485D-A83E-3BC7D755F518}.Release|Any CPU.ActiveCfg = Release|Any CPU
		{A3DF3D32-2FAC-485D-A83E-3BC7D755F518}.Release|Any CPU.Build.0 = Release|Any CPU
		{A3DF3D32-2FAC-485D-A83E-3BC7D755F518}.Release|x64.ActiveCfg = Release|Any CPU
		{A3DF3D32-2FAC-485D-A83E-3BC7D755F518}.Release|x64.Build.0 = Release|Any CPU
		{A3DF3D32-2FAC-485D-A83E-3BC7D755F518}.Release|x86.ActiveCfg = Release|Any CPU
		{A3DF3D32-2FAC-485D-A83E-3BC7D755F518}.Release|x86.Build.0 = Release|Any CPU
		{1A3DEEA1-2D49-4375-9BED-083AB7B42B43}.Debug|Any CPU.ActiveCfg = Debug|Any CPU
		{1A3DEEA1-2D49-4375-9BED-083AB7B42B43}.Debug|Any CPU.Build.0 = Debug|Any CPU
		{1A3DEEA1-2D49-4375-9BED-083AB7B42B43}.Debug|x64.ActiveCfg = Debug|Any CPU
		{1A3DEEA1-2D49-4375-9BED-083AB7B42B43}.Debug|x64.Build.0 = Debug|Any CPU
		{1A3DEEA1-2D49-4375-9BED-083AB7B42B43}.Debug|x86.ActiveCfg = Debug|Any CPU
		{1A3DEEA1-2D49-4375-9BED-083AB7B42B43}.Debug|x86.Build.0 = Debug|Any CPU
		{1A3DEEA1-2D49-4375-9BED-083AB7B42B43}.Release|Any CPU.ActiveCfg = Release|Any CPU
		{1A3DEEA1-2D49-4375-9BED-083AB7B42B43}.Release|Any CPU.Build.0 = Release|Any CPU
		{1A3DEEA1-2D49-4375-9BED-083AB7B42B43}.Release|x64.ActiveCfg = Release|Any CPU
		{1A3DEEA1-2D49-4375-9BED-083AB7B42B43}.Release|x64.Build.0 = Release|Any CPU
		{1A3DEEA1-2D49-4375-9BED-083AB7B42B43}.Release|x86.ActiveCfg = Release|Any CPU
		{1A3DEEA1-2D49-4375-9BED-083AB7B42B43}.Release|x86.Build.0 = Release|Any CPU
		{4402D49F-6A19-48FE-97D3-CCB6065F81F2}.Debug|Any CPU.ActiveCfg = Debug|Any CPU
		{4402D49F-6A19-48FE-97D3-CCB6065F81F2}.Debug|Any CPU.Build.0 = Debug|Any CPU
		{4402D49F-6A19-48FE-97D3-CCB6065F81F2}.Debug|x64.ActiveCfg = Debug|Any CPU
		{4402D49F-6A19-48FE-97D3-CCB6065F81F2}.Debug|x64.Build.0 = Debug|Any CPU
		{4402D49F-6A19-48FE-97D3-CCB6065F81F2}.Debug|x86.ActiveCfg = Debug|Any CPU
		{4402D49F-6A19-48FE-97D3-CCB6065F81F2}.Debug|x86.Build.0 = Debug|Any CPU
		{4402D49F-6A19-48FE-97D3-CCB6065F81F2}.Release|Any CPU.ActiveCfg = Release|Any CPU
		{4402D49F-6A19-48FE-97D3-CCB6065F81F2}.Release|Any CPU.Build.0 = Release|Any CPU
		{4402D49F-6A19-48FE-97D3-CCB6065F81F2}.Release|x64.ActiveCfg = Release|Any CPU
		{4402D49F-6A19-48FE-97D3-CCB6065F81F2}.Release|x64.Build.0 = Release|Any CPU
		{4402D49F-6A19-48FE-97D3-CCB6065F81F2}.Release|x86.ActiveCfg = Release|Any CPU
		{4402D49F-6A19-48FE-97D3-CCB6065F81F2}.Release|x86.Build.0 = Release|Any CPU
		{ECE8D9D2-0120-4A05-A743-D1E04031105D}.Debug|Any CPU.ActiveCfg = Debug|Any CPU
		{ECE8D9D2-0120-4A05-A743-D1E04031105D}.Debug|Any CPU.Build.0 = Debug|Any CPU
		{ECE8D9D2-0120-4A05-A743-D1E04031105D}.Debug|x64.ActiveCfg = Debug|Any CPU
		{ECE8D9D2-0120-4A05-A743-D1E04031105D}.Debug|x64.Build.0 = Debug|Any CPU
		{ECE8D9D2-0120-4A05-A743-D1E04031105D}.Debug|x86.ActiveCfg = Debug|Any CPU
		{ECE8D9D2-0120-4A05-A743-D1E04031105D}.Debug|x86.Build.0 = Debug|Any CPU
		{ECE8D9D2-0120-4A05-A743-D1E04031105D}.Release|Any CPU.ActiveCfg = Release|Any CPU
		{ECE8D9D2-0120-4A05-A743-D1E04031105D}.Release|Any CPU.Build.0 = Release|Any CPU
		{ECE8D9D2-0120-4A05-A743-D1E04031105D}.Release|x64.ActiveCfg = Release|Any CPU
		{ECE8D9D2-0120-4A05-A743-D1E04031105D}.Release|x64.Build.0 = Release|Any CPU
		{ECE8D9D2-0120-4A05-A743-D1E04031105D}.Release|x86.ActiveCfg = Release|Any CPU
		{ECE8D9D2-0120-4A05-A743-D1E04031105D}.Release|x86.Build.0 = Release|Any CPU
		{D233C851-A721-4619-8E17-94E8044B1A6C}.Debug|Any CPU.ActiveCfg = Debug|Any CPU
		{D233C851-A721-4619-8E17-94E8044B1A6C}.Debug|Any CPU.Build.0 = Debug|Any CPU
		{D233C851-A721-4619-8E17-94E8044B1A6C}.Debug|x64.ActiveCfg = Debug|Any CPU
		{D233C851-A721-4619-8E17-94E8044B1A6C}.Debug|x64.Build.0 = Debug|Any CPU
		{D233C851-A721-4619-8E17-94E8044B1A6C}.Debug|x86.ActiveCfg = Debug|Any CPU
		{D233C851-A721-4619-8E17-94E8044B1A6C}.Debug|x86.Build.0 = Debug|Any CPU
		{D233C851-A721-4619-8E17-94E8044B1A6C}.Release|Any CPU.ActiveCfg = Release|Any CPU
		{D233C851-A721-4619-8E17-94E8044B1A6C}.Release|Any CPU.Build.0 = Release|Any CPU
		{D233C851-A721-4619-8E17-94E8044B1A6C}.Release|x64.ActiveCfg = Release|Any CPU
		{D233C851-A721-4619-8E17-94E8044B1A6C}.Release|x64.Build.0 = Release|Any CPU
		{D233C851-A721-4619-8E17-94E8044B1A6C}.Release|x86.ActiveCfg = Release|Any CPU
		{D233C851-A721-4619-8E17-94E8044B1A6C}.Release|x86.Build.0 = Release|Any CPU
		{3D57E713-DB43-436D-8D85-BC919B2EF3DB}.Debug|Any CPU.ActiveCfg = Debug|Any CPU
		{3D57E713-DB43-436D-8D85-BC919B2EF3DB}.Debug|Any CPU.Build.0 = Debug|Any CPU
		{3D57E713-DB43-436D-8D85-BC919B2EF3DB}.Debug|x64.ActiveCfg = Debug|Any CPU
		{3D57E713-DB43-436D-8D85-BC919B2EF3DB}.Debug|x64.Build.0 = Debug|Any CPU
		{3D57E713-DB43-436D-8D85-BC919B2EF3DB}.Debug|x86.ActiveCfg = Debug|Any CPU
		{3D57E713-DB43-436D-8D85-BC919B2EF3DB}.Debug|x86.Build.0 = Debug|Any CPU
		{3D57E713-DB43-436D-8D85-BC919B2EF3DB}.Release|Any CPU.ActiveCfg = Release|Any CPU
		{3D57E713-DB43-436D-8D85-BC919B2EF3DB}.Release|Any CPU.Build.0 = Release|Any CPU
		{3D57E713-DB43-436D-8D85-BC919B2EF3DB}.Release|x64.ActiveCfg = Release|Any CPU
		{3D57E713-DB43-436D-8D85-BC919B2EF3DB}.Release|x64.Build.0 = Release|Any CPU
		{3D57E713-DB43-436D-8D85-BC919B2EF3DB}.Release|x86.ActiveCfg = Release|Any CPU
		{3D57E713-DB43-436D-8D85-BC919B2EF3DB}.Release|x86.Build.0 = Release|Any CPU
		{69ABB086-DE2E-4D5A-A1E1-704E66E46AE1}.Debug|Any CPU.ActiveCfg = Debug|Any CPU
		{69ABB086-DE2E-4D5A-A1E1-704E66E46AE1}.Debug|Any CPU.Build.0 = Debug|Any CPU
		{69ABB086-DE2E-4D5A-A1E1-704E66E46AE1}.Debug|x64.ActiveCfg = Debug|Any CPU
		{69ABB086-DE2E-4D5A-A1E1-704E66E46AE1}.Debug|x64.Build.0 = Debug|Any CPU
		{69ABB086-DE2E-4D5A-A1E1-704E66E46AE1}.Debug|x86.ActiveCfg = Debug|Any CPU
		{69ABB086-DE2E-4D5A-A1E1-704E66E46AE1}.Debug|x86.Build.0 = Debug|Any CPU
		{69ABB086-DE2E-4D5A-A1E1-704E66E46AE1}.Release|Any CPU.ActiveCfg = Release|Any CPU
		{69ABB086-DE2E-4D5A-A1E1-704E66E46AE1}.Release|Any CPU.Build.0 = Release|Any CPU
		{69ABB086-DE2E-4D5A-A1E1-704E66E46AE1}.Release|x64.ActiveCfg = Release|Any CPU
		{69ABB086-DE2E-4D5A-A1E1-704E66E46AE1}.Release|x64.Build.0 = Release|Any CPU
		{69ABB086-DE2E-4D5A-A1E1-704E66E46AE1}.Release|x86.ActiveCfg = Release|Any CPU
		{69ABB086-DE2E-4D5A-A1E1-704E66E46AE1}.Release|x86.Build.0 = Release|Any CPU
		{66FD6548-70DB-4FC5-8B3E-772A2ADE4E86}.Debug|Any CPU.ActiveCfg = Debug|Any CPU
		{66FD6548-70DB-4FC5-8B3E-772A2ADE4E86}.Debug|Any CPU.Build.0 = Debug|Any CPU
		{66FD6548-70DB-4FC5-8B3E-772A2ADE4E86}.Debug|x64.ActiveCfg = Debug|Any CPU
		{66FD6548-70DB-4FC5-8B3E-772A2ADE4E86}.Debug|x64.Build.0 = Debug|Any CPU
		{66FD6548-70DB-4FC5-8B3E-772A2ADE4E86}.Debug|x86.ActiveCfg = Debug|Any CPU
		{66FD6548-70DB-4FC5-8B3E-772A2ADE4E86}.Debug|x86.Build.0 = Debug|Any CPU
		{66FD6548-70DB-4FC5-8B3E-772A2ADE4E86}.Release|Any CPU.ActiveCfg = Release|Any CPU
		{66FD6548-70DB-4FC5-8B3E-772A2ADE4E86}.Release|Any CPU.Build.0 = Release|Any CPU
		{66FD6548-70DB-4FC5-8B3E-772A2ADE4E86}.Release|x64.ActiveCfg = Release|Any CPU
		{66FD6548-70DB-4FC5-8B3E-772A2ADE4E86}.Release|x64.Build.0 = Release|Any CPU
		{66FD6548-70DB-4FC5-8B3E-772A2ADE4E86}.Release|x86.ActiveCfg = Release|Any CPU
		{66FD6548-70DB-4FC5-8B3E-772A2ADE4E86}.Release|x86.Build.0 = Release|Any CPU
	EndGlobalSection
	GlobalSection(SolutionProperties) = preSolution
		HideSolutionNode = FALSE
	EndGlobalSection
	GlobalSection(NestedProjects) = preSolution
		{A3DF3D32-2FAC-485D-A83E-3BC7D755F518} = {8A367DDA-5161-A942-4F09-60E4726C9306}
		{1A3DEEA1-2D49-4375-9BED-083AB7B42B43} = {8A367DDA-5161-A942-4F09-60E4726C9306}
		{4402D49F-6A19-48FE-97D3-CCB6065F81F2} = {8A367DDA-5161-A942-4F09-60E4726C9306}
		{ECE8D9D2-0120-4A05-A743-D1E04031105D} = {8A367DDA-5161-A942-4F09-60E4726C9306}
		{D233C851-A721-4619-8E17-94E8044B1A6C} = {8A367DDA-5161-A942-4F09-60E4726C9306}
		{3D57E713-DB43-436D-8D85-BC919B2EF3DB} = {8A367DDA-5161-A942-4F09-60E4726C9306}
		{69ABB086-DE2E-4D5A-A1E1-704E66E46AE1} = {8A367DDA-5161-A942-4F09-60E4726C9306}
		{66FD6548-70DB-4FC5-8B3E-772A2ADE4E86} = {8A367DDA-5161-A942-4F09-60E4726C9306}
	EndGlobalSection
EndGlobal
