<Solution>
  <Folder Name="/microservices/">
    <Project Path="microservices/HaveQR.Billing/HaveQR.Billing.csproj" />
    <Project Path="microservices/HaveQR.Cli/HaveQR.Cli.csproj" />
    <Project Path="microservices/HaveQR.Contracts/HaveQR.Contracts.csproj" />
    <Project Path="microservices/HaveQR.Identity/HaveQR.Identity.csproj" />
    <Project Path="microservices/HaveQR.PublicApi/HaveQR.PublicApi.csproj" />
    <Project Path="microservices/HaveQR.QrEngine/HaveQR.QrEngine.csproj" />
    <Project Path="microservices/HaveQR.Redirector/HaveQR.Redirector.csproj" />
    <Project Path="microservices/HaveQR.Worker/HaveQR.Worker.csproj" />
  </Folder>
</Solution>
